
Microsoft Visual Studio Solution File, Format Version 12.00
# Visual Studio 15
VisualStudioVersion = 15.0.27004.2006
MinimumVisualStudioVersion = 10.0.40219.1
Project("{FAE04EC0-301F-11D3-BF4B-00C04F79EFBC}") = "BildChile.DAL", "Dal\BildChile.DAL.csproj", "{82FB60E1-D1BD-4DFD-994A-F3D183D974BB}"
EndProject
Project("{FAE04EC0-301F-11D3-BF4B-00C04F79EFBC}") = "BildChile.BLL", "Bll\BildChile.BLL.csproj", "{4EB6FAF3-526B-4AA2-9E3C-84FBDFC3D38B}"
EndProject
Project("{FAE04EC0-301F-11D3-BF4B-00C04F79EFBC}") = "BildChile.WCF", "WCF\BildChile.WCF.csproj", "{E3F09453-D1D8-4467-8A8D-147434E56BED}"
EndProject
Project("{FAE04EC0-301F-11D3-BF4B-00C04F79EFBC}") = "WebApi", "WebApi\WebApi.csproj", "{F9F0ADC3-0EAF-4CC4-A943-57F509277B61}"
	ProjectSection(ProjectDependencies) = postProject
		{E3F09453-D1D8-4467-8A8D-147434E56BED} = {E3F09453-D1D8-4467-8A8D-147434E56BED}
	EndProjectSection
EndProject
Project("{FAE04EC0-301F-11D3-BF4B-00C04F79EFBC}") = "BildChile.ENT", "Ent\BildChile.ENT.csproj", "{6EE3BBBE-E454-4922-AABD-D91625FB1040}"
EndProject
Project("{FAE04EC0-301F-11D3-BF4B-00C04F79EFBC}") = "BildChile.FUN", "Fun\BildChile.FUN.csproj", "{2F0C8245-3CCF-4CFC-A950-F10FAD489FA0}"
EndProject
Project("{FAE04EC0-301F-11D3-BF4B-00C04F79EFBC}") = "WebApiTokenAuthentication", "WebApiTokenAuthentication\WebApiTokenAuthentication.csproj", "{11BF32D6-3D35-409A-952C-43E78846283B}"
EndProject
Global
	GlobalSection(SolutionConfigurationPlatforms) = preSolution
		Debug|Any CPU = Debug|Any CPU
		Release|Any CPU = Release|Any CPU
	EndGlobalSection
	GlobalSection(ProjectConfigurationPlatforms) = postSolution
		{82FB60E1-D1BD-4DFD-994A-F3D183D974BB}.Debug|Any CPU.ActiveCfg = Debug|Any CPU
		{82FB60E1-D1BD-4DFD-994A-F3D183D974BB}.Debug|Any CPU.Build.0 = Debug|Any CPU
		{82FB60E1-D1BD-4DFD-994A-F3D183D974BB}.Release|Any CPU.ActiveCfg = Release|Any CPU
		{82FB60E1-D1BD-4DFD-994A-F3D183D974BB}.Release|Any CPU.Build.0 = Release|Any CPU
		{4EB6FAF3-526B-4AA2-9E3C-84FBDFC3D38B}.Debug|Any CPU.ActiveCfg = Debug|Any CPU
		{4EB6FAF3-526B-4AA2-9E3C-84FBDFC3D38B}.Debug|Any CPU.Build.0 = Debug|Any CPU
		{4EB6FAF3-526B-4AA2-9E3C-84FBDFC3D38B}.Release|Any CPU.ActiveCfg = Release|Any CPU
		{4EB6FAF3-526B-4AA2-9E3C-84FBDFC3D38B}.Release|Any CPU.Build.0 = Release|Any CPU
		{E3F09453-D1D8-4467-8A8D-147434E56BED}.Debug|Any CPU.ActiveCfg = Debug|Any CPU
		{E3F09453-D1D8-4467-8A8D-147434E56BED}.Debug|Any CPU.Build.0 = Debug|Any CPU
		{E3F09453-D1D8-4467-8A8D-147434E56BED}.Release|Any CPU.ActiveCfg = Release|Any CPU
		{E3F09453-D1D8-4467-8A8D-147434E56BED}.Release|Any CPU.Build.0 = Release|Any CPU
		{F9F0ADC3-0EAF-4CC4-A943-57F509277B61}.Debug|Any CPU.ActiveCfg = Debug|Any CPU
		{F9F0ADC3-0EAF-4CC4-A943-57F509277B61}.Debug|Any CPU.Build.0 = Debug|Any CPU
		{F9F0ADC3-0EAF-4CC4-A943-57F509277B61}.Release|Any CPU.ActiveCfg = Release|Any CPU
		{F9F0ADC3-0EAF-4CC4-A943-57F509277B61}.Release|Any CPU.Build.0 = Release|Any CPU
		{6EE3BBBE-E454-4922-AABD-D91625FB1040}.Debug|Any CPU.ActiveCfg = Debug|Any CPU
		{6EE3BBBE-E454-4922-AABD-D91625FB1040}.Debug|Any CPU.Build.0 = Debug|Any CPU
		{6EE3BBBE-E454-4922-AABD-D91625FB1040}.Release|Any CPU.ActiveCfg = Release|Any CPU
		{6EE3BBBE-E454-4922-AABD-D91625FB1040}.Release|Any CPU.Build.0 = Release|Any CPU
		{2F0C8245-3CCF-4CFC-A950-F10FAD489FA0}.Debug|Any CPU.ActiveCfg = Debug|Any CPU
		{2F0C8245-3CCF-4CFC-A950-F10FAD489FA0}.Debug|Any CPU.Build.0 = Debug|Any CPU
		{2F0C8245-3CCF-4CFC-A950-F10FAD489FA0}.Release|Any CPU.ActiveCfg = Release|Any CPU
		{2F0C8245-3CCF-4CFC-A950-F10FAD489FA0}.Release|Any CPU.Build.0 = Release|Any CPU
		{11BF32D6-3D35-409A-952C-43E78846283B}.Debug|Any CPU.ActiveCfg = Debug|Any CPU
		{11BF32D6-3D35-409A-952C-43E78846283B}.Debug|Any CPU.Build.0 = Debug|Any CPU
		{11BF32D6-3D35-409A-952C-43E78846283B}.Release|Any CPU.ActiveCfg = Release|Any CPU
		{11BF32D6-3D35-409A-952C-43E78846283B}.Release|Any CPU.Build.0 = Release|Any CPU
	EndGlobalSection
	GlobalSection(SolutionProperties) = preSolution
		HideSolutionNode = FALSE
	EndGlobalSection
	GlobalSection(ExtensibilityGlobals) = postSolution
		SolutionGuid = {19190971-2400-44EC-B09D-B6F9B833A606}
	EndGlobalSection
EndGlobal
